
Microsoft Visual Studio Solution File, Format Version 12.00
# Visual Studio Version 17
VisualStudioVersion = 17.2.32519.379
MinimumVisualStudioVersion = 10.0.40219.1
Project("{FAE04EC0-301F-11D3-BF4B-00C04F79EFBC}") = "Demo.API.Logs", "Demo.API.Logs\Demo.API.Logs.csproj", "{B28542FA-84C0-4EA9-8E88-5B23B8AAE242}"
EndProject
Global
	GlobalSection(SolutionConfigurationPlatforms) = preSolution
		Debug|Any CPU = Debug|Any CPU
		Release|Any CPU = Release|Any CPU
	EndGlobalSection
	GlobalSection(ProjectConfigurationPlatforms) = postSolution
		{B28542FA-84C0-4EA9-8E88-5B23B8AAE242}.Debug|Any CPU.ActiveCfg = Debug|Any CPU
		{B28542FA-84C0-4EA9-8E88-5B23B8AAE242}.Debug|Any CPU.Build.0 = Debug|Any CPU
		{B28542FA-84C0-4EA9-8E88-5B23B8AAE242}.Release|Any CPU.ActiveCfg = Release|Any CPU
		{B28542FA-84C0-4EA9-8E88-5B23B8AAE242}.Release|Any CPU.Build.0 = Release|Any CPU
	EndGlobalSection
	GlobalSection(SolutionProperties) = preSolution
		HideSolutionNode = FALSE
	EndGlobalSection
	GlobalSection(ExtensibilityGlobals) = postSolution
		SolutionGuid = {8FA55AFE-5C9D-4A4D-A03A-A418EC77EEEE}
	EndGlobalSection
EndGlobal
